version = 1
revision = 2
requires-python = ">=3.10"

[[package]]
name = "bing-rewards"
version = "3.2.1"
source = { editable = "." }
dependencies = [
    { name = "pynput" },
]

[package.dev-dependencies]
dev = [
    { name = "pre-commit-uv" },
    { name = "ruff" },
]

[package.metadata]
requires-dist = [{ name = "pynput", specifier = "~=1.8" }]

[package.metadata.requires-dev]
dev = [
    { name = "pre-commit-uv" },
    { name = "ruff" },
]

[[package]]
name = "cfgv"
version = "3.4.0"
source = { registry = "https://pypi.org/simple" }
sdist = { url = "https://files.pythonhosted.org/packages/11/74/539e56497d9bd1d484fd863dd69cbbfa653cd2aa27abfe35653494d85e94/cfgv-3.4.0.tar.gz", hash = "sha256:e52591d4c5f5dead8e0f673fb16db7949d2cfb3f7da4582893288f0ded8fe560", size = 7114, upload-time = "2023-08-12T20:38:17.776Z" }
wheels = [
    { url = "https://files.pythonhosted.org/packages/c5/55/51844dd50c4fc7a33b653bfaba4c2456f06955289ca770a5dbd5fd267374/cfgv-3.4.0-py2.py3-none-any.whl", hash = "sha256:b7265b1f29fd3316bfcd2b330d63d024f2bfd8bcb8b0272f8e19a504856c48f9", size = 7249, upload-time = "2023-08-12T20:38:16.269Z" },
]

[[package]]
name = "distlib"
version = "0.4.0"
source = { registry = "https://pypi.org/simple" }
sdist = { url = "https://files.pythonhosted.org/packages/96/8e/709914eb2b5749865801041647dc7f4e6d00b549cfe88b65ca192995f07c/distlib-0.4.0.tar.gz", hash = "sha256:feec40075be03a04501a973d81f633735b4b69f98b05450592310c0f401a4e0d", size = 614605, upload-time = "2025-07-17T16:52:00.465Z" }
wheels = [
    { url = "https://files.pythonhosted.org/packages/33/6b/e0547afaf41bf2c42e52430072fa5658766e3d65bd4b03a563d1b6336f57/distlib-0.4.0-py2.py3-none-any.whl", hash = "sha256:9659f7d87e46584a30b5780e43ac7a2143098441670ff0a49d5f9034c54a6c16", size = 469047, upload-time = "2025-07-17T16:51:58.613Z" },
]

[[package]]
name = "evdev"
version = "1.9.2"
source = { registry = "https://pypi.org/simple" }
sdist = { url = "https://files.pythonhosted.org/packages/63/fe/a17c106a1f4061ce83f04d14bcedcfb2c38c7793ea56bfb906a6fadae8cb/evdev-1.9.2.tar.gz", hash = "sha256:5d3278892ce1f92a74d6bf888cc8525d9f68af85dbe336c95d1c87fb8f423069", size = 33301, upload-time = "2025-05-01T19:53:47.69Z" }

[[package]]
name = "filelock"
version = "3.18.0"
source = { registry = "https://pypi.org/simple" }
sdist = { url = "https://files.pythonhosted.org/packages/0a/10/c23352565a6544bdc5353e0b15fc1c563352101f30e24bf500207a54df9a/filelock-3.18.0.tar.gz", hash = "sha256:adbc88eabb99d2fec8c9c1b229b171f18afa655400173ddc653d5d01501fb9f2", size = 18075, upload-time = "2025-03-14T07:11:40.47Z" }
wheels = [
    { url = "https://files.pythonhosted.org/packages/4d/36/2a115987e2d8c300a974597416d9de88f2444426de9571f4b59b2cca3acc/filelock-3.18.0-py3-none-any.whl", hash = "sha256:c401f4f8377c4464e6db25fff06205fd89bdd83b65eb0488ed1b160f780e21de", size = 16215, upload-time = "2025-03-14T07:11:39.145Z" },
]

[[package]]
name = "identify"
version = "2.6.12"
source = { registry = "https://pypi.org/simple" }
sdist = { url = "https://files.pythonhosted.org/packages/a2/88/d193a27416618628a5eea64e3223acd800b40749a96ffb322a9b55a49ed1/identify-2.6.12.tar.gz", hash = "sha256:d8de45749f1efb108badef65ee8386f0f7bb19a7f26185f74de6367bffbaf0e6", size = 99254, upload-time = "2025-05-23T20:37:53.3Z" }
wheels = [
    { url = "https://files.pythonhosted.org/packages/7a/cd/18f8da995b658420625f7ef13f037be53ae04ec5ad33f9b718240dcfd48c/identify-2.6.12-py2.py3-none-any.whl", hash = "sha256:ad9672d5a72e0d2ff7c5c8809b62dfa60458626352fb0eb7b55e69bdc45334a2", size = 99145, upload-time = "2025-05-23T20:37:51.495Z" },
]

[[package]]
name = "nodeenv"
version = "1.9.1"
source = { registry = "https://pypi.org/simple" }
sdist = { url = "https://files.pythonhosted.org/packages/43/16/fc88b08840de0e0a72a2f9d8c6bae36be573e475a6326ae854bcc549fc45/nodeenv-1.9.1.tar.gz", hash = "sha256:6ec12890a2dab7946721edbfbcd91f3319c6ccc9aec47be7c7e6b7011ee6645f", size = 47437, upload-time = "2024-06-04T18:44:11.171Z" }
wheels = [
    { url = "https://files.pythonhosted.org/packages/d2/1d/1b658dbd2b9fa9c4c9f32accbfc0205d532c8c6194dc0f2a4c0428e7128a/nodeenv-1.9.1-py2.py3-none-any.whl", hash = "sha256:ba11c9782d29c27c70ffbdda2d7415098754709be8a7056d79a737cd901155c9", size = 22314, upload-time = "2024-06-04T18:44:08.352Z" },
]

[[package]]
name = "platformdirs"
version = "4.3.8"
source = { registry = "https://pypi.org/simple" }
sdist = { url = "https://files.pythonhosted.org/packages/fe/8b/3c73abc9c759ecd3f1f7ceff6685840859e8070c4d947c93fae71f6a0bf2/platformdirs-4.3.8.tar.gz", hash = "sha256:3d512d96e16bcb959a814c9f348431070822a6496326a4be0911c40b5a74c2bc", size = 21362, upload-time = "2025-05-07T22:47:42.121Z" }
wheels = [
    { url = "https://files.pythonhosted.org/packages/fe/39/979e8e21520d4e47a0bbe349e2713c0aac6f3d853d0e5b34d76206c439aa/platformdirs-4.3.8-py3-none-any.whl", hash = "sha256:ff7059bb7eb1179e2685604f4aaf157cfd9535242bd23742eadc3c13542139b4", size = 18567, upload-time = "2025-05-07T22:47:40.376Z" },
]

[[package]]
name = "pre-commit"
version = "4.2.0"
source = { registry = "https://pypi.org/simple" }
dependencies = [
    { name = "cfgv" },
    { name = "identify" },
    { name = "nodeenv" },
    { name = "pyyaml" },
    { name = "virtualenv" },
]
sdist = { url = "https://files.pythonhosted.org/packages/08/39/679ca9b26c7bb2999ff122d50faa301e49af82ca9c066ec061cfbc0c6784/pre_commit-4.2.0.tar.gz", hash = "sha256:601283b9757afd87d40c4c4a9b2b5de9637a8ea02eaff7adc2d0fb4e04841146", size = 193424, upload-time = "2025-03-18T21:35:20.987Z" }
wheels = [
    { url = "https://files.pythonhosted.org/packages/88/74/a88bf1b1efeae488a0c0b7bdf71429c313722d1fc0f377537fbe554e6180/pre_commit-4.2.0-py2.py3-none-any.whl", hash = "sha256:a009ca7205f1eb497d10b845e52c838a98b6cdd2102a6c8e4540e94ee75c58bd", size = 220707, upload-time = "2025-03-18T21:35:19.343Z" },
]

[[package]]
name = "pre-commit-uv"
version = "4.1.4"
source = { registry = "https://pypi.org/simple" }
dependencies = [
    { name = "pre-commit" },
    { name = "uv" },
]
sdist = { url = "https://files.pythonhosted.org/packages/b1/6c/c3c1d01698c8abb0b546defc0304971fa7fb2ba84ad35587b9dad095d73f/pre_commit_uv-4.1.4.tar.gz", hash = "sha256:3db606a79b226127b27dbbd8381b78c0e30de3ac775a8492c576a68e9250535c", size = 6493, upload-time = "2024-10-29T23:07:28.918Z" }
wheels = [
    { url = "https://files.pythonhosted.org/packages/f1/70/1b65f9118ef64f6ffe5d57a67170bbff25d4f4a3d1cb78e8ed3392e16114/pre_commit_uv-4.1.4-py3-none-any.whl", hash = "sha256:7f01fb494fa1caa5097d20a38f71df7cea0209197b2564699cef9b3f3aa9d135", size = 5578, upload-time = "2024-10-29T23:07:27.128Z" },
]

[[package]]
name = "pynput"
version = "1.8.1"
source = { registry = "https://pypi.org/simple" }
dependencies = [
    { name = "evdev", marker = "'linux' in sys_platform" },
    { name = "pyobjc-framework-applicationservices", marker = "sys_platform == 'darwin'" },
    { name = "pyobjc-framework-quartz", marker = "sys_platform == 'darwin'" },
    { name = "python-xlib", marker = "'linux' in sys_platform" },
    { name = "six" },
]
sdist = { url = "https://files.pythonhosted.org/packages/f0/c3/dccf44c68225046df5324db0cc7d563a560635355b3e5f1d249468268a6f/pynput-1.8.1.tar.gz", hash = "sha256:70d7c8373ee98911004a7c938742242840a5628c004573d84ba849d4601df81e", size = 82289, upload-time = "2025-03-17T17:12:01.481Z" }
wheels = [
    { url = "https://files.pythonhosted.org/packages/59/4f/ac3fa906ae8a375a536b12794128c5efacade9eaa917a35dfd27ce0c7400/pynput-1.8.1-py2.py3-none-any.whl", hash = "sha256:42dfcf27404459ca16ca889c8fb8ffe42a9fe54f722fd1a3e130728e59e768d2", size = 91693, upload-time = "2025-03-17T17:12:00.094Z" },
]

[[package]]
name = "pyobjc-core"
version = "11.1"
source = { registry = "https://pypi.org/simple" }
sdist = { url = "https://files.pythonhosted.org/packages/e8/e9/0b85c81e2b441267bca707b5d89f56c2f02578ef8f3eafddf0e0c0b8848c/pyobjc_core-11.1.tar.gz", hash = "sha256:b63d4d90c5df7e762f34739b39cc55bc63dbcf9fb2fb3f2671e528488c7a87fe", size = 974602, upload-time = "2025-06-14T20:56:34.189Z" }
wheels = [
    { url = "https://files.pythonhosted.org/packages/a5/c5/9fa74ef6b83924e657c5098d37b36b66d1e16d13bc45c44248c6248e7117/pyobjc_core-11.1-cp310-cp310-macosx_10_9_universal2.whl", hash = "sha256:4c7536f3e94de0a3eae6bb382d75f1219280aa867cdf37beef39d9e7d580173c", size = 676323, upload-time = "2025-06-14T20:44:44.675Z" },
    { url = "https://files.pythonhosted.org/packages/5a/a7/55afc166d89e3fcd87966f48f8bca3305a3a2d7c62100715b9ffa7153a90/pyobjc_core-11.1-cp311-cp311-macosx_10_9_universal2.whl", hash = "sha256:ec36680b5c14e2f73d432b03ba7c1457dc6ca70fa59fd7daea1073f2b4157d33", size = 671075, upload-time = "2025-06-14T20:44:46.594Z" },
    { url = "https://files.pythonhosted.org/packages/c0/09/e83228e878e73bf756749939f906a872da54488f18d75658afa7f1abbab1/pyobjc_core-11.1-cp312-cp312-macosx_10_13_universal2.whl", hash = "sha256:765b97dea6b87ec4612b3212258024d8496ea23517c95a1c5f0735f96b7fd529", size = 677985, upload-time = "2025-06-14T20:44:48.375Z" },
    { url = "https://files.pythonhosted.org/packages/c5/24/12e4e2dae5f85fd0c0b696404ed3374ea6ca398e7db886d4f1322eb30799/pyobjc_core-11.1-cp313-cp313-macosx_10_13_universal2.whl", hash = "sha256:18986f83998fbd5d3f56d8a8428b2f3e0754fd15cef3ef786ca0d29619024f2c", size = 676431, upload-time = "2025-06-14T20:44:49.908Z" },
    { url = "https://files.pythonhosted.org/packages/f7/79/031492497624de4c728f1857181b06ce8c56444db4d49418fa459cba217c/pyobjc_core-11.1-cp313-cp313t-macosx_10_13_universal2.whl", hash = "sha256:8849e78cfe6595c4911fbba29683decfb0bf57a350aed8a43316976ba6f659d2", size = 719330, upload-time = "2025-06-14T20:44:51.621Z" },
    { url = "https://files.pythonhosted.org/packages/ed/7d/6169f16a0c7ec15b9381f8bf33872baf912de2ef68d96c798ca4c6ee641f/pyobjc_core-11.1-cp314-cp314-macosx_11_0_universal2.whl", hash = "sha256:8cb9ed17a8d84a312a6e8b665dd22393d48336ea1d8277e7ad20c19a38edf731", size = 667203, upload-time = "2025-06-14T20:44:53.262Z" },
    { url = "https://files.pythonhosted.org/packages/49/0f/f5ab2b0e57430a3bec9a62b6153c0e79c05a30d77b564efdb9f9446eeac5/pyobjc_core-11.1-cp314-cp314t-macosx_11_0_universal2.whl", hash = "sha256:f2455683e807f8541f0d83fbba0f5d9a46128ab0d5cc83ea208f0bec759b7f96", size = 708807, upload-time = "2025-06-14T20:44:54.851Z" },
]

[[package]]
name = "pyobjc-framework-applicationservices"
version = "11.1"
source = { registry = "https://pypi.org/simple" }
dependencies = [
    { name = "pyobjc-core" },
    { name = "pyobjc-framework-cocoa" },
    { name = "pyobjc-framework-coretext" },
    { name = "pyobjc-framework-quartz" },
]
sdist = { url = "https://files.pythonhosted.org/packages/be/3f/b33ce0cecc3a42f6c289dcbf9ff698b0d9e85f5796db2e9cb5dadccffbb9/pyobjc_framework_applicationservices-11.1.tar.gz", hash = "sha256:03fcd8c0c600db98fa8b85eb7b3bc31491701720c795e3f762b54e865138bbaf", size = 224842, upload-time = "2025-06-14T20:56:40.648Z" }
wheels = [
    { url = "https://files.pythonhosted.org/packages/d9/2b/b46566639b13354d348092f932b4debda2e8604c9b1b416eb3619676e997/pyobjc_framework_applicationservices-11.1-cp310-cp310-macosx_10_9_universal2.whl", hash = "sha256:89aa713f16f1de66efd82f3be77c632ad1068e51e0ef0c2b0237ac7c7f580814", size = 30991, upload-time = "2025-06-14T20:45:17.223Z" },
    { url = "https://files.pythonhosted.org/packages/39/2d/9fde6de0b2a95fbb3d77ba11b3cc4f289dd208f38cb3a28389add87c0f44/pyobjc_framework_applicationservices-11.1-cp311-cp311-macosx_10_9_universal2.whl", hash = "sha256:cf45d15eddae36dec2330a9992fc852476b61c8f529874b9ec2805c768a75482", size = 30991, upload-time = "2025-06-14T20:45:18.169Z" },
    { url = "https://files.pythonhosted.org/packages/38/ec/46a5c710e2d7edf55105223c34fed5a7b7cc7aba7d00a3a7b0405d6a2d1a/pyobjc_framework_applicationservices-11.1-cp312-cp312-macosx_10_13_universal2.whl", hash = "sha256:f4a85ccd78bab84f7f05ac65ff9be117839dfc09d48c39edd65c617ed73eb01c", size = 31056, upload-time = "2025-06-14T20:45:18.925Z" },
    { url = "https://files.pythonhosted.org/packages/c4/06/c2a309e6f37bfa73a2a581d3301321b2033e25b249e2a01e417a3c34e799/pyobjc_framework_applicationservices-11.1-cp313-cp313-macosx_10_13_universal2.whl", hash = "sha256:385a89f4d0838c97a331e247519d9e9745aa3f7427169d18570e3c664076a63c", size = 31072, upload-time = "2025-06-14T20:45:19.707Z" },
    { url = "https://files.pythonhosted.org/packages/b4/5f/357bf498c27f1b4d48385860d8374b2569adc1522aabe32befd77089c070/pyobjc_framework_applicationservices-11.1-cp313-cp313t-macosx_10_13_universal2.whl", hash = "sha256:f480fab20f3005e559c9d06c9a3874a1f1c60dde52c6d28a53ab59b45e79d55f", size = 31335, upload-time = "2025-06-14T20:45:20.462Z" },
    { url = "https://files.pythonhosted.org/packages/ab/b6/797fdd81399fe8251196f29a621ba3f3f04d5c579d95fd304489f5558202/pyobjc_framework_applicationservices-11.1-cp314-cp314-macosx_11_0_universal2.whl", hash = "sha256:e8dee91c6a14fd042f98819dc0ac4a182e0e816282565534032f0e544bfab143", size = 31196, upload-time = "2025-06-14T20:45:21.555Z" },
    { url = "https://files.pythonhosted.org/packages/68/45/47eba8d7cdf16d778240ed13fb405e8d712464170ed29d0463363a695194/pyobjc_framework_applicationservices-11.1-cp314-cp314t-macosx_11_0_universal2.whl", hash = "sha256:a0ce40a57a9b993793b6f72c4fd93f80618ef54a69d76a1da97b8360a2f3ffc5", size = 31446, upload-time = "2025-06-14T20:45:22.313Z" },
]

[[package]]
name = "pyobjc-framework-cocoa"
version = "11.1"
source = { registry = "https://pypi.org/simple" }
dependencies = [
    { name = "pyobjc-core" },
]
sdist = { url = "https://files.pythonhosted.org/packages/4b/c5/7a866d24bc026f79239b74d05e2cf3088b03263da66d53d1b4cf5207f5ae/pyobjc_framework_cocoa-11.1.tar.gz", hash = "sha256:87df76b9b73e7ca699a828ff112564b59251bb9bbe72e610e670a4dc9940d038", size = 5565335, upload-time = "2025-06-14T20:56:59.683Z" }
wheels = [
    { url = "https://files.pythonhosted.org/packages/87/8f/67a7e166b615feb96385d886c6732dfb90afed565b8b1f34673683d73cd9/pyobjc_framework_cocoa-11.1-cp310-cp310-macosx_10_9_universal2.whl", hash = "sha256:b27a5bdb3ab6cdeb998443ff3fce194ffae5f518c6a079b832dbafc4426937f9", size = 388187, upload-time = "2025-06-14T20:46:49.74Z" },
    { url = "https://files.pythonhosted.org/packages/90/43/6841046aa4e257b6276cd23e53cacedfb842ecaf3386bb360fa9cc319aa1/pyobjc_framework_cocoa-11.1-cp311-cp311-macosx_10_9_universal2.whl", hash = "sha256:7b9a9b8ba07f5bf84866399e3de2aa311ed1c34d5d2788a995bdbe82cc36cfa0", size = 388177, upload-time = "2025-06-14T20:46:51.454Z" },
    { url = "https://files.pythonhosted.org/packages/68/da/41c0f7edc92ead461cced7e67813e27fa17da3c5da428afdb4086c69d7ba/pyobjc_framework_cocoa-11.1-cp312-cp312-macosx_10_13_universal2.whl", hash = "sha256:806de56f06dfba8f301a244cce289d54877c36b4b19818e3b53150eb7c2424d0", size = 388983, upload-time = "2025-06-14T20:46:52.591Z" },
    { url = "https://files.pythonhosted.org/packages/4e/0b/a01477cde2a040f97e226f3e15e5ffd1268fcb6d1d664885a95ba592eca9/pyobjc_framework_cocoa-11.1-cp313-cp313-macosx_10_13_universal2.whl", hash = "sha256:54e93e1d9b0fc41c032582a6f0834befe1d418d73893968f3f450281b11603da", size = 389049, upload-time = "2025-06-14T20:46:53.757Z" },
    { url = "https://files.pythonhosted.org/packages/bc/e6/64cf2661f6ab7c124d0486ec6d1d01a9bb2838a0d2a46006457d8c5e6845/pyobjc_framework_cocoa-11.1-cp313-cp313t-macosx_10_13_universal2.whl", hash = "sha256:fd5245ee1997d93e78b72703be1289d75d88ff6490af94462b564892e9266350", size = 393110, upload-time = "2025-06-14T20:46:54.894Z" },
    { url = "https://files.pythonhosted.org/packages/33/87/01e35c5a3c5bbdc93d5925366421e10835fcd7b23347b6c267df1b16d0b3/pyobjc_framework_cocoa-11.1-cp314-cp314-macosx_11_0_universal2.whl", hash = "sha256:aede53a1afc5433e1e7d66568cc52acceeb171b0a6005407a42e8e82580b4fc0", size = 392644, upload-time = "2025-06-14T20:46:56.503Z" },
    { url = "https://files.pythonhosted.org/packages/c1/7c/54afe9ffee547c41e1161691e72067a37ed27466ac71c089bfdcd07ca70d/pyobjc_framework_cocoa-11.1-cp314-cp314t-macosx_11_0_universal2.whl", hash = "sha256:1b5de4e1757bb65689d6dc1f8d8717de9ec8587eb0c4831c134f13aba29f9b71", size = 396742, upload-time = "2025-06-14T20:46:57.64Z" },
]

[[package]]
name = "pyobjc-framework-coretext"
version = "11.1"
source = { registry = "https://pypi.org/simple" }
dependencies = [
    { name = "pyobjc-core" },
    { name = "pyobjc-framework-cocoa" },
    { name = "pyobjc-framework-quartz" },
]
sdist = { url = "https://files.pythonhosted.org/packages/65/e9/d3231c4f87d07b8525401fd6ad3c56607c9e512c5490f0a7a6abb13acab6/pyobjc_framework_coretext-11.1.tar.gz", hash = "sha256:a29bbd5d85c77f46a8ee81d381b847244c88a3a5a96ac22f509027ceceaffaf6", size = 274702, upload-time = "2025-06-14T20:57:16.059Z" }
wheels = [
    { url = "https://files.pythonhosted.org/packages/59/0c/0117d5353b1d18f8f8dd1e0f48374e4819cfcf3e8c34c676353e87320e8f/pyobjc_framework_coretext-11.1-cp310-cp310-macosx_10_9_universal2.whl", hash = "sha256:515be6beb48c084ee413c00c4e9fbd6e730c1b8a24270f4c618fc6c7ba0011ce", size = 30072, upload-time = "2025-06-14T20:48:33.341Z" },
    { url = "https://files.pythonhosted.org/packages/4c/59/d6cc5470157cfd328b2d1ee2c1b6f846a5205307fce17291b57236d9f46e/pyobjc_framework_coretext-11.1-cp311-cp311-macosx_10_9_universal2.whl", hash = "sha256:b4f4d2d2a6331fa64465247358d7aafce98e4fb654b99301a490627a073d021e", size = 30072, upload-time = "2025-06-14T20:48:34.248Z" },
    { url = "https://files.pythonhosted.org/packages/32/67/9cc5189c366e67dc3e5b5976fac73cc6405841095f795d3fa0d5fc43d76a/pyobjc_framework_coretext-11.1-cp312-cp312-macosx_10_13_universal2.whl", hash = "sha256:1597bf7234270ee1b9963bf112e9061050d5fb8e1384b3f50c11bde2fe2b1570", size = 30175, upload-time = "2025-06-14T20:48:35.023Z" },
    { url = "https://files.pythonhosted.org/packages/b0/d1/6ec2ef4f8133177203a742d5db4db90bbb3ae100aec8d17f667208da84c9/pyobjc_framework_coretext-11.1-cp313-cp313-macosx_10_13_universal2.whl", hash = "sha256:37e051e8f12a0f47a81b8efc8c902156eb5bc3d8123c43e5bd4cebd24c222228", size = 30180, upload-time = "2025-06-14T20:48:35.766Z" },
    { url = "https://files.pythonhosted.org/packages/0a/84/d4a95e49f6af59503ba257fbed0471b6932f0afe8b3725c018dd3ba40150/pyobjc_framework_coretext-11.1-cp313-cp313t-macosx_10_13_universal2.whl", hash = "sha256:56a3a02202e0d50be3c43e781c00f9f1859ab9b73a8342ff56260b908e911e37", size = 30768, upload-time = "2025-06-14T20:48:36.869Z" },
    { url = "https://files.pythonhosted.org/packages/64/4c/16e1504e06a5cb23eec6276835ddddb087637beba66cf84b5c587eba99be/pyobjc_framework_coretext-11.1-cp314-cp314-macosx_11_0_universal2.whl", hash = "sha256:15650ba99692d00953e91e53118c11636056a22c90d472020f7ba31500577bf5", size = 30155, upload-time = "2025-06-14T20:48:37.948Z" },
    { url = "https://files.pythonhosted.org/packages/ad/a4/cbfa9c874b2770fb1ba5c38c42b0e12a8b5aa177a5a86d0ad49b935aa626/pyobjc_framework_coretext-11.1-cp314-cp314t-macosx_11_0_universal2.whl", hash = "sha256:fb27f66a56660c31bb956191d64b85b95bac99cfb833f6e99622ca0ac4b3ba12", size = 30768, upload-time = "2025-06-14T20:48:38.734Z" },
]

[[package]]
name = "pyobjc-framework-quartz"
version = "11.1"
source = { registry = "https://pypi.org/simple" }
dependencies = [
    { name = "pyobjc-core" },
    { name = "pyobjc-framework-cocoa" },
]
sdist = { url = "https://files.pythonhosted.org/packages/c7/ac/6308fec6c9ffeda9942fef72724f4094c6df4933560f512e63eac37ebd30/pyobjc_framework_quartz-11.1.tar.gz", hash = "sha256:a57f35ccfc22ad48c87c5932818e583777ff7276605fef6afad0ac0741169f75", size = 3953275, upload-time = "2025-06-14T20:58:17.924Z" }
wheels = [
    { url = "https://files.pythonhosted.org/packages/b9/62/f8d9bb4cba92d5f220327cf1def2c2c5be324880d54ee57e7bea43aa28b2/pyobjc_framework_quartz-11.1-cp310-cp310-macosx_10_9_universal2.whl", hash = "sha256:b5ef75c416b0209e25b2eb07a27bd7eedf14a8c6b2f968711969d45ceceb0f84", size = 215586, upload-time = "2025-06-14T20:53:34.018Z" },
    { url = "https://files.pythonhosted.org/packages/77/cb/38172fdb350b3f47e18d87c5760e50f4efbb4da6308182b5e1310ff0cde4/pyobjc_framework_quartz-11.1-cp311-cp311-macosx_10_9_universal2.whl", hash = "sha256:2d501fe95ef15d8acf587cb7dc4ab4be3c5a84e2252017da8dbb7df1bbe7a72a", size = 215565, upload-time = "2025-06-14T20:53:35.262Z" },
    { url = "https://files.pythonhosted.org/packages/9b/37/ee6e0bdd31b3b277fec00e5ee84d30eb1b5b8b0e025095e24ddc561697d0/pyobjc_framework_quartz-11.1-cp312-cp312-macosx_10_13_universal2.whl", hash = "sha256:9ac806067541917d6119b98d90390a6944e7d9bd737f5c0a79884202327c9204", size = 216410, upload-time = "2025-06-14T20:53:36.346Z" },
    { url = "https://files.pythonhosted.org/packages/bd/27/4f4fc0e6a0652318c2844608dd7c41e49ba6006ee5fb60c7ae417c338357/pyobjc_framework_quartz-11.1-cp313-cp313-macosx_10_13_universal2.whl", hash = "sha256:43a1138280571bbf44df27a7eef519184b5c4183a588598ebaaeb887b9e73e76", size = 216816, upload-time = "2025-06-14T20:53:37.358Z" },
    { url = "https://files.pythonhosted.org/packages/b8/8a/1d15e42496bef31246f7401aad1ebf0f9e11566ce0de41c18431715aafbc/pyobjc_framework_quartz-11.1-cp313-cp313t-macosx_10_13_universal2.whl", hash = "sha256:b23d81c30c564adf6336e00b357f355b35aad10075dd7e837cfd52a9912863e5", size = 221941, upload-time = "2025-06-14T20:53:38.34Z" },
    { url = "https://files.pythonhosted.org/packages/32/a8/a3f84d06e567efc12c104799c7fd015f9bea272a75f799eda8b79e8163c6/pyobjc_framework_quartz-11.1-cp314-cp314-macosx_11_0_universal2.whl", hash = "sha256:07cbda78b4a8fcf3a2d96e047a2ff01f44e3e1820f46f0f4b3b6d77ff6ece07c", size = 221312, upload-time = "2025-06-14T20:53:39.435Z" },
    { url = "https://files.pythonhosted.org/packages/76/ef/8c08d4f255bb3efe8806609d1f0b1ddd29684ab0f9ffb5e26d3ad7957b29/pyobjc_framework_quartz-11.1-cp314-cp314t-macosx_11_0_universal2.whl", hash = "sha256:39d02a3df4b5e3eee1e0da0fb150259476910d2a9aa638ab94153c24317a9561", size = 226353, upload-time = "2025-06-14T20:53:40.655Z" },
]

[[package]]
name = "python-xlib"
version = "0.33"
source = { registry = "https://pypi.org/simple" }
dependencies = [
    { name = "six" },
]
sdist = { url = "https://files.pythonhosted.org/packages/86/f5/8c0653e5bb54e0cbdfe27bf32d41f27bc4e12faa8742778c17f2a71be2c0/python-xlib-0.33.tar.gz", hash = "sha256:55af7906a2c75ce6cb280a584776080602444f75815a7aff4d287bb2d7018b32", size = 269068, upload-time = "2022-12-25T18:53:00.824Z" }
wheels = [
    { url = "https://files.pythonhosted.org/packages/fc/b8/ff33610932e0ee81ae7f1269c890f697d56ff74b9f5b2ee5d9b7fa2c5355/python_xlib-0.33-py2.py3-none-any.whl", hash = "sha256:c3534038d42e0df2f1392a1b30a15a4ff5fdc2b86cfa94f072bf11b10a164398", size = 182185, upload-time = "2022-12-25T18:52:58.662Z" },
]

[[package]]
name = "pyyaml"
version = "6.0.2"
source = { registry = "https://pypi.org/simple" }
sdist = { url = "https://files.pythonhosted.org/packages/54/ed/79a089b6be93607fa5cdaedf301d7dfb23af5f25c398d5ead2525b063e17/pyyaml-6.0.2.tar.gz", hash = "sha256:d584d9ec91ad65861cc08d42e834324ef890a082e591037abe114850ff7bbc3e", size = 130631, upload-time = "2024-08-06T20:33:50.674Z" }
wheels = [
    { url = "https://files.pythonhosted.org/packages/9b/95/a3fac87cb7158e231b5a6012e438c647e1a87f09f8e0d123acec8ab8bf71/PyYAML-6.0.2-cp310-cp310-macosx_10_9_x86_64.whl", hash = "sha256:0a9a2848a5b7feac301353437eb7d5957887edbf81d56e903999a75a3d743086", size = 184199, upload-time = "2024-08-06T20:31:40.178Z" },
    { url = "https://files.pythonhosted.org/packages/c7/7a/68bd47624dab8fd4afbfd3c48e3b79efe09098ae941de5b58abcbadff5cb/PyYAML-6.0.2-cp310-cp310-macosx_11_0_arm64.whl", hash = "sha256:29717114e51c84ddfba879543fb232a6ed60086602313ca38cce623c1d62cfbf", size = 171758, upload-time = "2024-08-06T20:31:42.173Z" },
    { url = "https://files.pythonhosted.org/packages/49/ee/14c54df452143b9ee9f0f29074d7ca5516a36edb0b4cc40c3f280131656f/PyYAML-6.0.2-cp310-cp310-manylinux_2_17_aarch64.manylinux2014_aarch64.whl", hash = "sha256:8824b5a04a04a047e72eea5cec3bc266db09e35de6bdfe34c9436ac5ee27d237", size = 718463, upload-time = "2024-08-06T20:31:44.263Z" },
    { url = "https://files.pythonhosted.org/packages/4d/61/de363a97476e766574650d742205be468921a7b532aa2499fcd886b62530/PyYAML-6.0.2-cp310-cp310-manylinux_2_17_s390x.manylinux2014_s390x.whl", hash = "sha256:7c36280e6fb8385e520936c3cb3b8042851904eba0e58d277dca80a5cfed590b", size = 719280, upload-time = "2024-08-06T20:31:50.199Z" },
    { url = "https://files.pythonhosted.org/packages/6b/4e/1523cb902fd98355e2e9ea5e5eb237cbc5f3ad5f3075fa65087aa0ecb669/PyYAML-6.0.2-cp310-cp310-manylinux_2_17_x86_64.manylinux2014_x86_64.whl", hash = "sha256:ec031d5d2feb36d1d1a24380e4db6d43695f3748343d99434e6f5f9156aaa2ed", size = 751239, upload-time = "2024-08-06T20:31:52.292Z" },
    { url = "https://files.pythonhosted.org/packages/b7/33/5504b3a9a4464893c32f118a9cc045190a91637b119a9c881da1cf6b7a72/PyYAML-6.0.2-cp310-cp310-musllinux_1_1_aarch64.whl", hash = "sha256:936d68689298c36b53b29f23c6dbb74de12b4ac12ca6cfe0e047bedceea56180", size = 695802, upload-time = "2024-08-06T20:31:53.836Z" },
    { url = "https://files.pythonhosted.org/packages/5c/20/8347dcabd41ef3a3cdc4f7b7a2aff3d06598c8779faa189cdbf878b626a4/PyYAML-6.0.2-cp310-cp310-musllinux_1_1_x86_64.whl", hash = "sha256:23502f431948090f597378482b4812b0caae32c22213aecf3b55325e049a6c68", size = 720527, upload-time = "2024-08-06T20:31:55.565Z" },
    { url = "https://files.pythonhosted.org/packages/be/aa/5afe99233fb360d0ff37377145a949ae258aaab831bde4792b32650a4378/PyYAML-6.0.2-cp310-cp310-win32.whl", hash = "sha256:2e99c6826ffa974fe6e27cdb5ed0021786b03fc98e5ee3c5bfe1fd5015f42b99", size = 144052, upload-time = "2024-08-06T20:31:56.914Z" },
    { url = "https://files.pythonhosted.org/packages/b5/84/0fa4b06f6d6c958d207620fc60005e241ecedceee58931bb20138e1e5776/PyYAML-6.0.2-cp310-cp310-win_amd64.whl", hash = "sha256:a4d3091415f010369ae4ed1fc6b79def9416358877534caf6a0fdd2146c87a3e", size = 161774, upload-time = "2024-08-06T20:31:58.304Z" },
    { url = "https://files.pythonhosted.org/packages/f8/aa/7af4e81f7acba21a4c6be026da38fd2b872ca46226673c89a758ebdc4fd2/PyYAML-6.0.2-cp311-cp311-macosx_10_9_x86_64.whl", hash = "sha256:cc1c1159b3d456576af7a3e4d1ba7e6924cb39de8f67111c735f6fc832082774", size = 184612, upload-time = "2024-08-06T20:32:03.408Z" },
    { url = "https://files.pythonhosted.org/packages/8b/62/b9faa998fd185f65c1371643678e4d58254add437edb764a08c5a98fb986/PyYAML-6.0.2-cp311-cp311-macosx_11_0_arm64.whl", hash = "sha256:1e2120ef853f59c7419231f3bf4e7021f1b936f6ebd222406c3b60212205d2ee", size = 172040, upload-time = "2024-08-06T20:32:04.926Z" },
    { url = "https://files.pythonhosted.org/packages/ad/0c/c804f5f922a9a6563bab712d8dcc70251e8af811fce4524d57c2c0fd49a4/PyYAML-6.0.2-cp311-cp311-manylinux_2_17_aarch64.manylinux2014_aarch64.whl", hash = "sha256:5d225db5a45f21e78dd9358e58a98702a0302f2659a3c6cd320564b75b86f47c", size = 736829, upload-time = "2024-08-06T20:32:06.459Z" },
    { url = "https://files.pythonhosted.org/packages/51/16/6af8d6a6b210c8e54f1406a6b9481febf9c64a3109c541567e35a49aa2e7/PyYAML-6.0.2-cp311-cp311-manylinux_2_17_s390x.manylinux2014_s390x.whl", hash = "sha256:5ac9328ec4831237bec75defaf839f7d4564be1e6b25ac710bd1a96321cc8317", size = 764167, upload-time = "2024-08-06T20:32:08.338Z" },
    { url = "https://files.pythonhosted.org/packages/75/e4/2c27590dfc9992f73aabbeb9241ae20220bd9452df27483b6e56d3975cc5/PyYAML-6.0.2-cp311-cp311-manylinux_2_17_x86_64.manylinux2014_x86_64.whl", hash = "sha256:3ad2a3decf9aaba3d29c8f537ac4b243e36bef957511b4766cb0057d32b0be85", size = 762952, upload-time = "2024-08-06T20:32:14.124Z" },
    { url = "https://files.pythonhosted.org/packages/9b/97/ecc1abf4a823f5ac61941a9c00fe501b02ac3ab0e373c3857f7d4b83e2b6/PyYAML-6.0.2-cp311-cp311-musllinux_1_1_aarch64.whl", hash = "sha256:ff3824dc5261f50c9b0dfb3be22b4567a6f938ccce4587b38952d85fd9e9afe4", size = 735301, upload-time = "2024-08-06T20:32:16.17Z" },
    { url = "https://files.pythonhosted.org/packages/45/73/0f49dacd6e82c9430e46f4a027baa4ca205e8b0a9dce1397f44edc23559d/PyYAML-6.0.2-cp311-cp311-musllinux_1_1_x86_64.whl", hash = "sha256:797b4f722ffa07cc8d62053e4cff1486fa6dc094105d13fea7b1de7d8bf71c9e", size = 756638, upload-time = "2024-08-06T20:32:18.555Z" },
    { url = "https://files.pythonhosted.org/packages/22/5f/956f0f9fc65223a58fbc14459bf34b4cc48dec52e00535c79b8db361aabd/PyYAML-6.0.2-cp311-cp311-win32.whl", hash = "sha256:11d8f3dd2b9c1207dcaf2ee0bbbfd5991f571186ec9cc78427ba5bd32afae4b5", size = 143850, upload-time = "2024-08-06T20:32:19.889Z" },
    { url = "https://files.pythonhosted.org/packages/ed/23/8da0bbe2ab9dcdd11f4f4557ccaf95c10b9811b13ecced089d43ce59c3c8/PyYAML-6.0.2-cp311-cp311-win_amd64.whl", hash = "sha256:e10ce637b18caea04431ce14fabcf5c64a1c61ec9c56b071a4b7ca131ca52d44", size = 161980, upload-time = "2024-08-06T20:32:21.273Z" },
    { url = "https://files.pythonhosted.org/packages/86/0c/c581167fc46d6d6d7ddcfb8c843a4de25bdd27e4466938109ca68492292c/PyYAML-6.0.2-cp312-cp312-macosx_10_9_x86_64.whl", hash = "sha256:c70c95198c015b85feafc136515252a261a84561b7b1d51e3384e0655ddf25ab", size = 183873, upload-time = "2024-08-06T20:32:25.131Z" },
    { url = "https://files.pythonhosted.org/packages/a8/0c/38374f5bb272c051e2a69281d71cba6fdb983413e6758b84482905e29a5d/PyYAML-6.0.2-cp312-cp312-macosx_11_0_arm64.whl", hash = "sha256:ce826d6ef20b1bc864f0a68340c8b3287705cae2f8b4b1d932177dcc76721725", size = 173302, upload-time = "2024-08-06T20:32:26.511Z" },
    { url = "https://files.pythonhosted.org/packages/c3/93/9916574aa8c00aa06bbac729972eb1071d002b8e158bd0e83a3b9a20a1f7/PyYAML-6.0.2-cp312-cp312-manylinux_2_17_aarch64.manylinux2014_aarch64.whl", hash = "sha256:1f71ea527786de97d1a0cc0eacd1defc0985dcf6b3f17bb77dcfc8c34bec4dc5", size = 739154, upload-time = "2024-08-06T20:32:28.363Z" },
    { url = "https://files.pythonhosted.org/packages/95/0f/b8938f1cbd09739c6da569d172531567dbcc9789e0029aa070856f123984/PyYAML-6.0.2-cp312-cp312-manylinux_2_17_s390x.manylinux2014_s390x.whl", hash = "sha256:9b22676e8097e9e22e36d6b7bda33190d0d400f345f23d4065d48f4ca7ae0425", size = 766223, upload-time = "2024-08-06T20:32:30.058Z" },
    { url = "https://files.pythonhosted.org/packages/b9/2b/614b4752f2e127db5cc206abc23a8c19678e92b23c3db30fc86ab731d3bd/PyYAML-6.0.2-cp312-cp312-manylinux_2_17_x86_64.manylinux2014_x86_64.whl", hash = "sha256:80bab7bfc629882493af4aa31a4cfa43a4c57c83813253626916b8c7ada83476", size = 767542, upload-time = "2024-08-06T20:32:31.881Z" },
    { url = "https://files.pythonhosted.org/packages/d4/00/dd137d5bcc7efea1836d6264f049359861cf548469d18da90cd8216cf05f/PyYAML-6.0.2-cp312-cp312-musllinux_1_1_aarch64.whl", hash = "sha256:0833f8694549e586547b576dcfaba4a6b55b9e96098b36cdc7ebefe667dfed48", size = 731164, upload-time = "2024-08-06T20:32:37.083Z" },
    { url = "https://files.pythonhosted.org/packages/c9/1f/4f998c900485e5c0ef43838363ba4a9723ac0ad73a9dc42068b12aaba4e4/PyYAML-6.0.2-cp312-cp312-musllinux_1_1_x86_64.whl", hash = "sha256:8b9c7197f7cb2738065c481a0461e50ad02f18c78cd75775628afb4d7137fb3b", size = 756611, upload-time = "2024-08-06T20:32:38.898Z" },
    { url = "https://files.pythonhosted.org/packages/df/d1/f5a275fdb252768b7a11ec63585bc38d0e87c9e05668a139fea92b80634c/PyYAML-6.0.2-cp312-cp312-win32.whl", hash = "sha256:ef6107725bd54b262d6dedcc2af448a266975032bc85ef0172c5f059da6325b4", size = 140591, upload-time = "2024-08-06T20:32:40.241Z" },
    { url = "https://files.pythonhosted.org/packages/0c/e8/4f648c598b17c3d06e8753d7d13d57542b30d56e6c2dedf9c331ae56312e/PyYAML-6.0.2-cp312-cp312-win_amd64.whl", hash = "sha256:7e7401d0de89a9a855c839bc697c079a4af81cf878373abd7dc625847d25cbd8", size = 156338, upload-time = "2024-08-06T20:32:41.93Z" },
    { url = "https://files.pythonhosted.org/packages/ef/e3/3af305b830494fa85d95f6d95ef7fa73f2ee1cc8ef5b495c7c3269fb835f/PyYAML-6.0.2-cp313-cp313-macosx_10_13_x86_64.whl", hash = "sha256:efdca5630322a10774e8e98e1af481aad470dd62c3170801852d752aa7a783ba", size = 181309, upload-time = "2024-08-06T20:32:43.4Z" },
    { url = "https://files.pythonhosted.org/packages/45/9f/3b1c20a0b7a3200524eb0076cc027a970d320bd3a6592873c85c92a08731/PyYAML-6.0.2-cp313-cp313-macosx_11_0_arm64.whl", hash = "sha256:50187695423ffe49e2deacb8cd10510bc361faac997de9efef88badc3bb9e2d1", size = 171679, upload-time = "2024-08-06T20:32:44.801Z" },
    { url = "https://files.pythonhosted.org/packages/7c/9a/337322f27005c33bcb656c655fa78325b730324c78620e8328ae28b64d0c/PyYAML-6.0.2-cp313-cp313-manylinux_2_17_aarch64.manylinux2014_aarch64.whl", hash = "sha256:0ffe8360bab4910ef1b9e87fb812d8bc0a308b0d0eef8c8f44e0254ab3b07133", size = 733428, upload-time = "2024-08-06T20:32:46.432Z" },
    { url = "https://files.pythonhosted.org/packages/a3/69/864fbe19e6c18ea3cc196cbe5d392175b4cf3d5d0ac1403ec3f2d237ebb5/PyYAML-6.0.2-cp313-cp313-manylinux_2_17_s390x.manylinux2014_s390x.whl", hash = "sha256:17e311b6c678207928d649faa7cb0d7b4c26a0ba73d41e99c4fff6b6c3276484", size = 763361, upload-time = "2024-08-06T20:32:51.188Z" },
    { url = "https://files.pythonhosted.org/packages/04/24/b7721e4845c2f162d26f50521b825fb061bc0a5afcf9a386840f23ea19fa/PyYAML-6.0.2-cp313-cp313-manylinux_2_17_x86_64.manylinux2014_x86_64.whl", hash = "sha256:70b189594dbe54f75ab3a1acec5f1e3faa7e8cf2f1e08d9b561cb41b845f69d5", size = 759523, upload-time = "2024-08-06T20:32:53.019Z" },
    { url = "https://files.pythonhosted.org/packages/2b/b2/e3234f59ba06559c6ff63c4e10baea10e5e7df868092bf9ab40e5b9c56b6/PyYAML-6.0.2-cp313-cp313-musllinux_1_1_aarch64.whl", hash = "sha256:41e4e3953a79407c794916fa277a82531dd93aad34e29c2a514c2c0c5fe971cc", size = 726660, upload-time = "2024-08-06T20:32:54.708Z" },
    { url = "https://files.pythonhosted.org/packages/fe/0f/25911a9f080464c59fab9027482f822b86bf0608957a5fcc6eaac85aa515/PyYAML-6.0.2-cp313-cp313-musllinux_1_1_x86_64.whl", hash = "sha256:68ccc6023a3400877818152ad9a1033e3db8625d899c72eacb5a668902e4d652", size = 751597, upload-time = "2024-08-06T20:32:56.985Z" },
    { url = "https://files.pythonhosted.org/packages/14/0d/e2c3b43bbce3cf6bd97c840b46088a3031085179e596d4929729d8d68270/PyYAML-6.0.2-cp313-cp313-win32.whl", hash = "sha256:bc2fa7c6b47d6bc618dd7fb02ef6fdedb1090ec036abab80d4681424b84c1183", size = 140527, upload-time = "2024-08-06T20:33:03.001Z" },
    { url = "https://files.pythonhosted.org/packages/fa/de/02b54f42487e3d3c6efb3f89428677074ca7bf43aae402517bc7cca949f3/PyYAML-6.0.2-cp313-cp313-win_amd64.whl", hash = "sha256:8388ee1976c416731879ac16da0aff3f63b286ffdd57cdeb95f3f2e085687563", size = 156446, upload-time = "2024-08-06T20:33:04.33Z" },
]

[[package]]
name = "ruff"
version = "0.12.4"
source = { registry = "https://pypi.org/simple" }
sdist = { url = "https://files.pythonhosted.org/packages/9b/ce/8d7dbedede481245b489b769d27e2934730791a9a82765cb94566c6e6abd/ruff-0.12.4.tar.gz", hash = "sha256:13efa16df6c6eeb7d0f091abae50f58e9522f3843edb40d56ad52a5a4a4b6873", size = 5131435, upload-time = "2025-07-17T17:27:19.138Z" }
wheels = [
    { url = "https://files.pythonhosted.org/packages/ae/9f/517bc5f61bad205b7f36684ffa5415c013862dee02f55f38a217bdbe7aa4/ruff-0.12.4-py3-none-linux_armv6l.whl", hash = "sha256:cb0d261dac457ab939aeb247e804125a5d521b21adf27e721895b0d3f83a0d0a", size = 10188824, upload-time = "2025-07-17T17:26:31.412Z" },
    { url = "https://files.pythonhosted.org/packages/28/83/691baae5a11fbbde91df01c565c650fd17b0eabed259e8b7563de17c6529/ruff-0.12.4-py3-none-macosx_10_12_x86_64.whl", hash = "sha256:55c0f4ca9769408d9b9bac530c30d3e66490bd2beb2d3dae3e4128a1f05c7442", size = 10884521, upload-time = "2025-07-17T17:26:35.084Z" },
    { url = "https://files.pythonhosted.org/packages/d6/8d/756d780ff4076e6dd035d058fa220345f8c458391f7edfb1c10731eedc75/ruff-0.12.4-py3-none-macosx_11_0_arm64.whl", hash = "sha256:a8224cc3722c9ad9044da7f89c4c1ec452aef2cfe3904365025dd2f51daeae0e", size = 10277653, upload-time = "2025-07-17T17:26:37.897Z" },
    { url = "https://files.pythonhosted.org/packages/8d/97/8eeee0f48ece153206dce730fc9e0e0ca54fd7f261bb3d99c0a4343a1892/ruff-0.12.4-py3-none-manylinux_2_17_aarch64.manylinux2014_aarch64.whl", hash = "sha256:e9949d01d64fa3672449a51ddb5d7548b33e130240ad418884ee6efa7a229586", size = 10485993, upload-time = "2025-07-17T17:26:40.68Z" },
    { url = "https://files.pythonhosted.org/packages/49/b8/22a43d23a1f68df9b88f952616c8508ea6ce4ed4f15353b8168c48b2d7e7/ruff-0.12.4-py3-none-manylinux_2_17_armv7l.manylinux2014_armv7l.whl", hash = "sha256:be0593c69df9ad1465e8a2d10e3defd111fdb62dcd5be23ae2c06da77e8fcffb", size = 10022824, upload-time = "2025-07-17T17:26:43.564Z" },
    { url = "https://files.pythonhosted.org/packages/cd/70/37c234c220366993e8cffcbd6cadbf332bfc848cbd6f45b02bade17e0149/ruff-0.12.4-py3-none-manylinux_2_17_i686.manylinux2014_i686.whl", hash = "sha256:a7dea966bcb55d4ecc4cc3270bccb6f87a337326c9dcd3c07d5b97000dbff41c", size = 11524414, upload-time = "2025-07-17T17:26:46.219Z" },
    { url = "https://files.pythonhosted.org/packages/14/77/c30f9964f481b5e0e29dd6a1fae1f769ac3fd468eb76fdd5661936edd262/ruff-0.12.4-py3-none-manylinux_2_17_ppc64.manylinux2014_ppc64.whl", hash = "sha256:afcfa3ab5ab5dd0e1c39bf286d829e042a15e966b3726eea79528e2e24d8371a", size = 12419216, upload-time = "2025-07-17T17:26:48.883Z" },
    { url = "https://files.pythonhosted.org/packages/6e/79/af7fe0a4202dce4ef62c5e33fecbed07f0178f5b4dd9c0d2fcff5ab4a47c/ruff-0.12.4-py3-none-manylinux_2_17_ppc64le.manylinux2014_ppc64le.whl", hash = "sha256:c057ce464b1413c926cdb203a0f858cd52f3e73dcb3270a3318d1630f6395bb3", size = 11976756, upload-time = "2025-07-17T17:26:51.754Z" },
    { url = "https://files.pythonhosted.org/packages/09/d1/33fb1fc00e20a939c305dbe2f80df7c28ba9193f7a85470b982815a2dc6a/ruff-0.12.4-py3-none-manylinux_2_17_s390x.manylinux2014_s390x.whl", hash = "sha256:e64b90d1122dc2713330350626b10d60818930819623abbb56535c6466cce045", size = 11020019, upload-time = "2025-07-17T17:26:54.265Z" },
    { url = "https://files.pythonhosted.org/packages/64/f4/e3cd7f7bda646526f09693e2e02bd83d85fff8a8222c52cf9681c0d30843/ruff-0.12.4-py3-none-manylinux_2_17_x86_64.manylinux2014_x86_64.whl", hash = "sha256:2abc48f3d9667fdc74022380b5c745873499ff827393a636f7a59da1515e7c57", size = 11277890, upload-time = "2025-07-17T17:26:56.914Z" },
    { url = "https://files.pythonhosted.org/packages/5e/d0/69a85fb8b94501ff1a4f95b7591505e8983f38823da6941eb5b6badb1e3a/ruff-0.12.4-py3-none-musllinux_1_2_aarch64.whl", hash = "sha256:2b2449dc0c138d877d629bea151bee8c0ae3b8e9c43f5fcaafcd0c0d0726b184", size = 10348539, upload-time = "2025-07-17T17:26:59.381Z" },
    { url = "https://files.pythonhosted.org/packages/16/a0/91372d1cb1678f7d42d4893b88c252b01ff1dffcad09ae0c51aa2542275f/ruff-0.12.4-py3-none-musllinux_1_2_armv7l.whl", hash = "sha256:56e45bb11f625db55f9b70477062e6a1a04d53628eda7784dce6e0f55fd549eb", size = 10009579, upload-time = "2025-07-17T17:27:02.462Z" },
    { url = "https://files.pythonhosted.org/packages/23/1b/c4a833e3114d2cc0f677e58f1df6c3b20f62328dbfa710b87a1636a5e8eb/ruff-0.12.4-py3-none-musllinux_1_2_i686.whl", hash = "sha256:478fccdb82ca148a98a9ff43658944f7ab5ec41c3c49d77cd99d44da019371a1", size = 10942982, upload-time = "2025-07-17T17:27:05.343Z" },
    { url = "https://files.pythonhosted.org/packages/ff/ce/ce85e445cf0a5dd8842f2f0c6f0018eedb164a92bdf3eda51984ffd4d989/ruff-0.12.4-py3-none-musllinux_1_2_x86_64.whl", hash = "sha256:0fc426bec2e4e5f4c4f182b9d2ce6a75c85ba9bcdbe5c6f2a74fcb8df437df4b", size = 11343331, upload-time = "2025-07-17T17:27:08.652Z" },
    { url = "https://files.pythonhosted.org/packages/35/cf/441b7fc58368455233cfb5b77206c849b6dfb48b23de532adcc2e50ccc06/ruff-0.12.4-py3-none-win32.whl", hash = "sha256:4de27977827893cdfb1211d42d84bc180fceb7b72471104671c59be37041cf93", size = 10267904, upload-time = "2025-07-17T17:27:11.814Z" },
    { url = "https://files.pythonhosted.org/packages/ce/7e/20af4a0df5e1299e7368d5ea4350412226afb03d95507faae94c80f00afd/ruff-0.12.4-py3-none-win_amd64.whl", hash = "sha256:fe0b9e9eb23736b453143d72d2ceca5db323963330d5b7859d60d101147d461a", size = 11209038, upload-time = "2025-07-17T17:27:14.417Z" },
    { url = "https://files.pythonhosted.org/packages/11/02/8857d0dfb8f44ef299a5dfd898f673edefb71e3b533b3b9d2db4c832dd13/ruff-0.12.4-py3-none-win_arm64.whl", hash = "sha256:0618ec4442a83ab545e5b71202a5c0ed7791e8471435b94e655b570a5031a98e", size = 10469336, upload-time = "2025-07-17T17:27:16.913Z" },
]

[[package]]
name = "six"
version = "1.17.0"
source = { registry = "https://pypi.org/simple" }
sdist = { url = "https://files.pythonhosted.org/packages/94/e7/b2c673351809dca68a0e064b6af791aa332cf192da575fd474ed7d6f16a2/six-1.17.0.tar.gz", hash = "sha256:ff70335d468e7eb6ec65b95b99d3a2836546063f63acc5171de367e834932a81", size = 34031, upload-time = "2024-12-04T17:35:28.174Z" }
wheels = [
    { url = "https://files.pythonhosted.org/packages/b7/ce/149a00dd41f10bc29e5921b496af8b574d8413afcd5e30dfa0ed46c2cc5e/six-1.17.0-py2.py3-none-any.whl", hash = "sha256:4721f391ed90541fddacab5acf947aa0d3dc7d27b2e1e8eda2be8970586c3274", size = 11050, upload-time = "2024-12-04T17:35:26.475Z" },
]

[[package]]
name = "uv"
version = "0.8.0"
source = { registry = "https://pypi.org/simple" }
sdist = { url = "https://files.pythonhosted.org/packages/f1/6c/0f42f6f59af910ab67ce5acb7f11e6341275cfe9cfa0b8a2ae97303e5775/uv-0.8.0.tar.gz", hash = "sha256:5d4b05056cc923e579007aede5ad1c3cf2c22628a89585f503b724521036748c", size = 3395163, upload-time = "2025-07-17T22:51:40.756Z" }
wheels = [
    { url = "https://files.pythonhosted.org/packages/73/0a/07735385f63229c5a6079044861a7462b1f9ff02dc7c6a891d296ffed9b0/uv-0.8.0-py3-none-linux_armv6l.whl", hash = "sha256:7f1a7f9b10299d9db15acac6cdffc5af23c2b0fd6e56add6d6e5d100a82b5c1f", size = 17839329, upload-time = "2025-07-17T22:50:56.938Z" },
    { url = "https://files.pythonhosted.org/packages/8e/c1/160b81f8c34bf5ea6bddde96f80f3f000d083482f2612a98725a9f714707/uv-0.8.0-py3-none-macosx_10_12_x86_64.whl", hash = "sha256:6aeecfef8955dafcbad24ef5258341f2fcdf969949f74ccaa16a7bf9c3ec44b4", size = 17952798, upload-time = "2025-07-17T22:51:02.635Z" },
    { url = "https://files.pythonhosted.org/packages/9d/98/9a89983caa05cf998eea3dac1e6cff2e0ab8099be0695fd8b9dc6a5038a0/uv-0.8.0-py3-none-macosx_11_0_arm64.whl", hash = "sha256:2d0ebf05eaee75921b3f23e7401a56bc0732bcdabb7469081ab00769340a93b4", size = 16618272, upload-time = "2025-07-17T22:51:04.941Z" },
    { url = "https://files.pythonhosted.org/packages/6e/8a/ed8c00d04c621b693c53cc9570ecddf766f8ff2078d6182eba55d0c20b10/uv-0.8.0-py3-none-manylinux_2_17_aarch64.manylinux2014_aarch64.musllinux_1_1_aarch64.whl", hash = "sha256:b784215c688c4eb54df62fb7506ba7c763fb8c9ba8457cd5dd48f0679f5d0328", size = 17199728, upload-time = "2025-07-17T22:51:06.853Z" },
    { url = "https://files.pythonhosted.org/packages/c1/08/fd29a5f93576f81a4d912e60d98fcb78e727c293f57b5a703e121d1875f2/uv-0.8.0-py3-none-manylinux_2_17_armv7l.manylinux2014_armv7l.whl", hash = "sha256:422e6c61b1555478f34300663f0057d5d4fea788c50eae31b332d0cec2a71536", size = 17561205, upload-time = "2025-07-17T22:51:09.528Z" },
    { url = "https://files.pythonhosted.org/packages/f3/28/80a4c04e0c843b16c2406a9a699dea4d2ac0f4863295194a7e202b917afa/uv-0.8.0-py3-none-manylinux_2_17_i686.manylinux2014_i686.whl", hash = "sha256:19bd1fc94de3714c41d9f9f4dbcfdd2feeca00439b2fb2212ece249649b85c72", size = 18337053, upload-time = "2025-07-17T22:51:12.064Z" },
    { url = "https://files.pythonhosted.org/packages/00/43/8c86a21efced9d2617311b456a1e8ad76f4eba2d4809fe5a8d4639719949/uv-0.8.0-py3-none-manylinux_2_17_ppc64.manylinux2014_ppc64.whl", hash = "sha256:c039a27387033c84eb07023c941cb6c3f4d71336ada54b83866929af9db75839", size = 19484516, upload-time = "2025-07-17T22:51:14.336Z" },
    { url = "https://files.pythonhosted.org/packages/38/0b/e74a16000ad8e5811ed648bb1801377b311640ed5b7033959fb5c80ab826/uv-0.8.0-py3-none-manylinux_2_17_ppc64le.manylinux2014_ppc64le.whl", hash = "sha256:6f5deec88789d0c03eba6af2e615e310eaa4426deb5c690f15e54f09d4a8ad0d", size = 19292816, upload-time = "2025-07-17T22:51:16.757Z" },
    { url = "https://files.pythonhosted.org/packages/91/73/c8ee97f38adee10abfa7040ea5e3f5c37e0be2e67437346ba4dcce211d01/uv-0.8.0-py3-none-manylinux_2_17_s390x.manylinux2014_s390x.whl", hash = "sha256:d3fcbd19654f168e1cae3054ed75cfc0c80a452d0668f90fc579135de6d7588e", size = 18835921, upload-time = "2025-07-17T22:51:18.948Z" },
    { url = "https://files.pythonhosted.org/packages/bf/94/b8609393606e2f80dec8d6e2a26b79d703857a9d761487cdd05d081d628f/uv-0.8.0-py3-none-manylinux_2_17_x86_64.manylinux2014_x86_64.whl", hash = "sha256:fb939490ce24d5f88ddebf2ceaf30c613b2bd27f2e67ae62ec0960baa5f8412d", size = 18708625, upload-time = "2025-07-17T22:51:22.37Z" },
    { url = "https://files.pythonhosted.org/packages/2a/44/8754d0a27b4d52d8cce9a5d2e50196dc14a5b7c0739858eabf4abfec1740/uv-0.8.0-py3-none-manylinux_2_28_aarch64.whl", hash = "sha256:57af365c459d8e05274363cb10f4781a5e15b7b6f56d1427fd5b04302aa3d244", size = 17464028, upload-time = "2025-07-17T22:51:24.855Z" },
    { url = "https://files.pythonhosted.org/packages/1c/17/ce98535a2f167feeea4d3b5f266239ebfe11ba5ceb1be3aad9772b35e9e0/uv-0.8.0-py3-none-musllinux_1_1_armv7l.whl", hash = "sha256:9fb57d550887e9858b8c7c0417e5aa3e9629c2ec851f1567f1cde2ba9bf2ee79", size = 17503466, upload-time = "2025-07-17T22:51:27.253Z" },
    { url = "https://files.pythonhosted.org/packages/ce/37/3990cf8a19012010cd1fafce7934c0aaa8375712c8bc037e0c3ef148df0c/uv-0.8.0-py3-none-musllinux_1_1_i686.whl", hash = "sha256:7bd1ff23f8585e0e80024341aeb896b6b5ce94d43d3a95142be8e4bb3f1354b4", size = 17843023, upload-time = "2025-07-17T22:51:29.44Z" },
    { url = "https://files.pythonhosted.org/packages/e0/91/b88ffc2355fe6c2d1695f42a4605ff0f2773d5bd1a62699757c84ccc6496/uv-0.8.0-py3-none-musllinux_1_1_x86_64.whl", hash = "sha256:29757a08499e4c4462efa4fcba664c8850eb7ab8ec04852582adb901591dcc50", size = 18862516, upload-time = "2025-07-17T22:51:31.887Z" },
    { url = "https://files.pythonhosted.org/packages/37/39/c470b8de6e250fb8f146c3f72c396a9e9f457cfbb04618f430cc52a3a84f/uv-0.8.0-py3-none-win32.whl", hash = "sha256:84b03d7b34e1a8e62b34d13e88f434e3f1773a0841f7ba3603ca23d360529e84", size = 17757431, upload-time = "2025-07-17T22:51:34.24Z" },
    { url = "https://files.pythonhosted.org/packages/fd/4e/4a69b1baa14dfee113f76c823ffa4e79cd6bc6452c24454382a6fa793f2a/uv-0.8.0-py3-none-win_amd64.whl", hash = "sha256:2f47fca8cb0301408ec1ae7f3e0388afb36fc36188d1775dbd8daf336bf5be6f", size = 19493722, upload-time = "2025-07-17T22:51:36.672Z" },
    { url = "https://files.pythonhosted.org/packages/79/95/2803b563c61cd9b26f89a15b248d7e2ee5bbfbac892966ebd09111613f38/uv-0.8.0-py3-none-win_arm64.whl", hash = "sha256:aefc09b9a580f7f41a2358462215538f3806de60c6f20ade4a25ee4d678267e1", size = 18090168, upload-time = "2025-07-17T22:51:38.946Z" },
]

[[package]]
name = "virtualenv"
version = "20.31.2"
source = { registry = "https://pypi.org/simple" }
dependencies = [
    { name = "distlib" },
    { name = "filelock" },
    { name = "platformdirs" },
]
sdist = { url = "https://files.pythonhosted.org/packages/56/2c/444f465fb2c65f40c3a104fd0c495184c4f2336d65baf398e3c75d72ea94/virtualenv-20.31.2.tar.gz", hash = "sha256:e10c0a9d02835e592521be48b332b6caee6887f332c111aa79a09b9e79efc2af", size = 6076316, upload-time = "2025-05-08T17:58:23.811Z" }
wheels = [
    { url = "https://files.pythonhosted.org/packages/f3/40/b1c265d4b2b62b58576588510fc4d1fe60a86319c8de99fd8e9fec617d2c/virtualenv-20.31.2-py3-none-any.whl", hash = "sha256:36efd0d9650ee985f0cad72065001e66d49a6f24eb44d98980f630686243cf11", size = 6057982, upload-time = "2025-05-08T17:58:21.15Z" },
]
